// !$*UTF8*$!
{
	archiveVersion = 1;
	classes = {
	};
	objectVersion = 55;
	objects = {

/* Begin PBXBuildFile section */
		6A29591028C32028001E9A97 /* AppearanceView.swift in Sources */ = {isa = PBXBuildFile; fileRef = 6A29590F28C32028001E9A97 /* AppearanceView.swift */; };
		6A29591228C321D9001E9A97 /* ModeToggle.swift in Sources */ = {isa = PBXBuildFile; fileRef = 6A29591128C321D9001E9A97 /* ModeToggle.swift */; };
		6A5CBDA228C0D32400712CD0 /* SPIndicator in Frameworks */ = {isa = PBXBuildFile; productRef = 6A5CBDA128C0D32400712CD0 /* SPIndicator */; };
		6A5CBDA428C1E8F600712CD0 /* NetworkErrorView.swift in Sources */ = {isa = PBXBuildFile; fileRef = 6A5CBDA328C1E8F600712CD0 /* NetworkErrorView.swift */; };
		6A97233A28C1F813007BFBD4 /* FilterView.swift in Sources */ = {isa = PBXBuildFile; fileRef = 6A97233928C1F813007BFBD4 /* FilterView.swift */; };
		B60462B3275611150021DFA4 /* LoadUpdateTime.swift in Sources */ = {isa = PBXBuildFile; fileRef = B60462B2275611150021DFA4 /* LoadUpdateTime.swift */; };
		B60462B627563CB80021DFA4 /* SwiftyMarkdown in Frameworks */ = {isa = PBXBuildFile; productRef = B60462B527563CB80021DFA4 /* SwiftyMarkdown */; };
		B630FF9F28C104A300E1F066 /* NetworkMonitor.swift in Sources */ = {isa = PBXBuildFile; fileRef = B630FF9E28C104A300E1F066 /* NetworkMonitor.swift */; };
		B630FFA128C105DB00E1F066 /* NetworkStatusView.swift in Sources */ = {isa = PBXBuildFile; fileRef = B630FFA028C105DB00E1F066 /* NetworkStatusView.swift */; };
		B676F7A527688B9800347E34 /* BetterSafariView in Frameworks */ = {isa = PBXBuildFile; productRef = B676F7A427688B9800347E34 /* BetterSafariView */; };
		B6CA9487275472B200D09E6F /* DeadLinesList.swift in Sources */ = {isa = PBXBuildFile; fileRef = B6CA9486275472B200D09E6F /* DeadLinesList.swift */; };
		B6CA9489275472C800D09E6F /* DeadLinesRow.swift in Sources */ = {isa = PBXBuildFile; fileRef = B6CA9488275472C800D09E6F /* DeadLinesRow.swift */; };
		B6CA948B27547F7E00D09E6F /* BuildNumber.swift in Sources */ = {isa = PBXBuildFile; fileRef = B6CA948A27547F7E00D09E6F /* BuildNumber.swift */; };
		B6CA949D2754B99C00D09E6F /* LocalTime.swift in Sources */ = {isa = PBXBuildFile; fileRef = B6CA949C2754B99C00D09E6F /* LocalTime.swift */; };
		B6EB114927537A7300FF09CE /* DeadLine.swift in Sources */ = {isa = PBXBuildFile; fileRef = B6EB114827537A7300FF09CE /* DeadLine.swift */; };
		B6EB114B27537AD600FF09CE /* DeadLineStore.swift in Sources */ = {isa = PBXBuildFile; fileRef = B6EB114A27537AD600FF09CE /* DeadLineStore.swift */; };
		B6EB114D27537B7800FF09CE /* all.json in Resources */ = {isa = PBXBuildFile; fileRef = B6EB114C27537B7800FF09CE /* all.json */; };
		B6EB116127539B8500FF09CE /* LoadAndDecode.swift in Sources */ = {isa = PBXBuildFile; fileRef = B6EB116027539B8500FF09CE /* LoadAndDecode.swift */; };
		B6EB11632753B47900FF09CE /* DeadLineTimeLine.swift in Sources */ = {isa = PBXBuildFile; fileRef = B6EB11622753B47900FF09CE /* DeadLineTimeLine.swift */; };
		B6EB11682753D14600FF09CE /* DeadLineConfs.swift in Sources */ = {isa = PBXBuildFile; fileRef = B6EB11672753D14600FF09CE /* DeadLineConfs.swift */; };
		B6EB116A2753D38B00FF09CE /* AllDeadLines.swift in Sources */ = {isa = PBXBuildFile; fileRef = B6EB11692753D38B00FF09CE /* AllDeadLines.swift */; };
		B6EB116E2753D8AB00FF09CE /* AppTabNavigation.swift in Sources */ = {isa = PBXBuildFile; fileRef = B6EB116C2753D8AB00FF09CE /* AppTabNavigation.swift */; };
		B6EB116F2753D8AB00FF09CE /* AppSidebarNavigation.swift in Sources */ = {isa = PBXBuildFile; fileRef = B6EB116D2753D8AB00FF09CE /* AppSidebarNavigation.swift */; };
		B6EED01F273A96E10077832F /* SwiftPaperApp.swift in Sources */ = {isa = PBXBuildFile; fileRef = B6EED01E273A96E10077832F /* SwiftPaperApp.swift */; };
		B6EED021273A96E10077832F /* ContentView.swift in Sources */ = {isa = PBXBuildFile; fileRef = B6EED020273A96E10077832F /* ContentView.swift */; };
		B6EED026273A96E30077832F /* Preview Assets.xcassets in Resources */ = {isa = PBXBuildFile; fileRef = B6EED025273A96E30077832F /* Preview Assets.xcassets */; };
		B6EED02E273A96FF0077832F /* CCFModel.swift in Sources */ = {isa = PBXBuildFile; fileRef = B6EED02D273A96FF0077832F /* CCFModel.swift */; };
		B6EED051273A97190077832F /* CCFStore.swift in Sources */ = {isa = PBXBuildFile; fileRef = B6EED037273A97190077832F /* CCFStore.swift */; };
		B6EED052273A97190077832F /* ccf.json in Resources */ = {isa = PBXBuildFile; fileRef = B6EED039273A97190077832F /* ccf.json */; };
		B6EED053273A97190077832F /* Privacy.md in Resources */ = {isa = PBXBuildFile; fileRef = B6EED03A273A97190077832F /* Privacy.md */; };
		B6EED054273A97190077832F /* SpecialThank.swift in Sources */ = {isa = PBXBuildFile; fileRef = B6EED03C273A97190077832F /* SpecialThank.swift */; };
		B6EED055273A97190077832F /* SettingsView.swift in Sources */ = {isa = PBXBuildFile; fileRef = B6EED03D273A97190077832F /* SettingsView.swift */; };
		B6EED056273A97190077832F /* PrivacyView.swift in Sources */ = {isa = PBXBuildFile; fileRef = B6EED03E273A97190077832F /* PrivacyView.swift */; };
		B6EED057273A97190077832F /* RankView.swift in Sources */ = {isa = PBXBuildFile; fileRef = B6EED03F273A97190077832F /* RankView.swift */; };
		B6EED058273A97190077832F /* CCFRow.swift in Sources */ = {isa = PBXBuildFile; fileRef = B6EED040273A97190077832F /* CCFRow.swift */; };
		B6EED059273A97190077832F /* WelcomeView.swift in Sources */ = {isa = PBXBuildFile; fileRef = B6EED041273A97190077832F /* WelcomeView.swift */; };
		B6EED05A273A97190077832F /* CCFList.swift in Sources */ = {isa = PBXBuildFile; fileRef = B6EED042273A97190077832F /* CCFList.swift */; };
		B6EED05B273A97190077832F /* CCFDetailView.swift in Sources */ = {isa = PBXBuildFile; fileRef = B6EED043273A97190077832F /* CCFDetailView.swift */; };
		B6EED05C273A971A0077832F /* SendEmailToMe.swift in Sources */ = {isa = PBXBuildFile; fileRef = B6EED045273A97190077832F /* SendEmailToMe.swift */; };
		B6EED05D273A971A0077832F /* RateApp.swift in Sources */ = {isa = PBXBuildFile; fileRef = B6EED046273A97190077832F /* RateApp.swift */; };
		B6EED05E273A971A0077832F /* SwiftUIImage+IconStyle.swift in Sources */ = {isa = PBXBuildFile; fileRef = B6EED047273A97190077832F /* SwiftUIImage+IconStyle.swift */; };
		B6EED05F273A971A0077832F /* ShareSheet.swift in Sources */ = {isa = PBXBuildFile; fileRef = B6EED048273A97190077832F /* ShareSheet.swift */; };
		B6EED063273A97370077832F /* Assets.xcassets in Resources */ = {isa = PBXBuildFile; fileRef = B6EED062273A97370077832F /* Assets.xcassets */; };
		B6EED070273A981C0077832F /* Localizable.strings in Resources */ = {isa = PBXBuildFile; fileRef = B6EED072273A981C0077832F /* Localizable.strings */; };
		B6EED075273A9BE10077832F /* EmptyCCFView.swift in Sources */ = {isa = PBXBuildFile; fileRef = B6EED074273A9BE10077832F /* EmptyCCFView.swift */; };
		B6F9DF5B28B202AE000719AC /* README.md in Resources */ = {isa = PBXBuildFile; fileRef = B6F9DF5A28B202AE000719AC /* README.md */; };
/* End PBXBuildFile section */

/* Begin PBXFileReference section */
		6A29590F28C32028001E9A97 /* AppearanceView.swift */ = {isa = PBXFileReference; lastKnownFileType = sourcecode.swift; path = AppearanceView.swift; sourceTree = "<group>"; };
		6A29591128C321D9001E9A97 /* ModeToggle.swift */ = {isa = PBXFileReference; lastKnownFileType = sourcecode.swift; path = ModeToggle.swift; sourceTree = "<group>"; };
		6A5CBDA328C1E8F600712CD0 /* NetworkErrorView.swift */ = {isa = PBXFileReference; lastKnownFileType = sourcecode.swift; path = NetworkErrorView.swift; sourceTree = "<group>"; };
		6A97233928C1F813007BFBD4 /* FilterView.swift */ = {isa = PBXFileReference; lastKnownFileType = sourcecode.swift; path = FilterView.swift; sourceTree = "<group>"; };
		B60462B2275611150021DFA4 /* LoadUpdateTime.swift */ = {isa = PBXFileReference; lastKnownFileType = sourcecode.swift; path = LoadUpdateTime.swift; sourceTree = "<group>"; };
		B630FF9E28C104A300E1F066 /* NetworkMonitor.swift */ = {isa = PBXFileReference; lastKnownFileType = sourcecode.swift; path = NetworkMonitor.swift; sourceTree = "<group>"; };
		B630FFA028C105DB00E1F066 /* NetworkStatusView.swift */ = {isa = PBXFileReference; lastKnownFileType = sourcecode.swift; path = NetworkStatusView.swift; sourceTree = "<group>"; };
		B6CA9486275472B200D09E6F /* DeadLinesList.swift */ = {isa = PBXFileReference; lastKnownFileType = sourcecode.swift; path = DeadLinesList.swift; sourceTree = "<group>"; };
		B6CA9488275472C800D09E6F /* DeadLinesRow.swift */ = {isa = PBXFileReference; lastKnownFileType = sourcecode.swift; path = DeadLinesRow.swift; sourceTree = "<group>"; };
		B6CA948A27547F7E00D09E6F /* BuildNumber.swift */ = {isa = PBXFileReference; lastKnownFileType = sourcecode.swift; path = BuildNumber.swift; sourceTree = "<group>"; };
		B6CA949C2754B99C00D09E6F /* LocalTime.swift */ = {isa = PBXFileReference; lastKnownFileType = sourcecode.swift; path = LocalTime.swift; sourceTree = "<group>"; };
		B6EB114827537A7300FF09CE /* DeadLine.swift */ = {isa = PBXFileReference; lastKnownFileType = sourcecode.swift; path = DeadLine.swift; sourceTree = "<group>"; };
		B6EB114A27537AD600FF09CE /* DeadLineStore.swift */ = {isa = PBXFileReference; lastKnownFileType = sourcecode.swift; path = DeadLineStore.swift; sourceTree = "<group>"; };
		B6EB114C27537B7800FF09CE /* all.json */ = {isa = PBXFileReference; lastKnownFileType = text.json; path = all.json; sourceTree = "<group>"; };
		B6EB116027539B8500FF09CE /* LoadAndDecode.swift */ = {isa = PBXFileReference; lastKnownFileType = sourcecode.swift; path = LoadAndDecode.swift; sourceTree = "<group>"; };
		B6EB11622753B47900FF09CE /* DeadLineTimeLine.swift */ = {isa = PBXFileReference; lastKnownFileType = sourcecode.swift; path = DeadLineTimeLine.swift; sourceTree = "<group>"; };
		B6EB11672753D14600FF09CE /* DeadLineConfs.swift */ = {isa = PBXFileReference; lastKnownFileType = sourcecode.swift; path = DeadLineConfs.swift; sourceTree = "<group>"; };
		B6EB11692753D38B00FF09CE /* AllDeadLines.swift */ = {isa = PBXFileReference; lastKnownFileType = sourcecode.swift; path = AllDeadLines.swift; sourceTree = "<group>"; };
		B6EB116C2753D8AB00FF09CE /* AppTabNavigation.swift */ = {isa = PBXFileReference; fileEncoding = 4; lastKnownFileType = sourcecode.swift; path = AppTabNavigation.swift; sourceTree = "<group>"; };
		B6EB116D2753D8AB00FF09CE /* AppSidebarNavigation.swift */ = {isa = PBXFileReference; fileEncoding = 4; lastKnownFileType = sourcecode.swift; path = AppSidebarNavigation.swift; sourceTree = "<group>"; };
		B6EED01B273A96E10077832F /* SwiftPaper.app */ = {isa = PBXFileReference; explicitFileType = wrapper.application; includeInIndex = 0; path = SwiftPaper.app; sourceTree = BUILT_PRODUCTS_DIR; };
		B6EED01E273A96E10077832F /* SwiftPaperApp.swift */ = {isa = PBXFileReference; lastKnownFileType = sourcecode.swift; path = SwiftPaperApp.swift; sourceTree = "<group>"; };
		B6EED020273A96E10077832F /* ContentView.swift */ = {isa = PBXFileReference; lastKnownFileType = sourcecode.swift; path = ContentView.swift; sourceTree = "<group>"; };
		B6EED025273A96E30077832F /* Preview Assets.xcassets */ = {isa = PBXFileReference; lastKnownFileType = folder.assetcatalog; path = "Preview Assets.xcassets"; sourceTree = "<group>"; };
		B6EED02D273A96FF0077832F /* CCFModel.swift */ = {isa = PBXFileReference; fileEncoding = 4; lastKnownFileType = sourcecode.swift; path = CCFModel.swift; sourceTree = "<group>"; };
		B6EED037273A97190077832F /* CCFStore.swift */ = {isa = PBXFileReference; fileEncoding = 4; lastKnownFileType = sourcecode.swift; path = CCFStore.swift; sourceTree = "<group>"; };
		B6EED039273A97190077832F /* ccf.json */ = {isa = PBXFileReference; fileEncoding = 4; lastKnownFileType = text.json; path = ccf.json; sourceTree = "<group>"; };
		B6EED03A273A97190077832F /* Privacy.md */ = {isa = PBXFileReference; fileEncoding = 4; lastKnownFileType = net.daringfireball.markdown; path = Privacy.md; sourceTree = "<group>"; };
		B6EED03C273A97190077832F /* SpecialThank.swift */ = {isa = PBXFileReference; fileEncoding = 4; lastKnownFileType = sourcecode.swift; path = SpecialThank.swift; sourceTree = "<group>"; };
		B6EED03D273A97190077832F /* SettingsView.swift */ = {isa = PBXFileReference; fileEncoding = 4; lastKnownFileType = sourcecode.swift; path = SettingsView.swift; sourceTree = "<group>"; };
		B6EED03E273A97190077832F /* PrivacyView.swift */ = {isa = PBXFileReference; fileEncoding = 4; lastKnownFileType = sourcecode.swift; path = PrivacyView.swift; sourceTree = "<group>"; };
		B6EED03F273A97190077832F /* RankView.swift */ = {isa = PBXFileReference; fileEncoding = 4; lastKnownFileType = sourcecode.swift; path = RankView.swift; sourceTree = "<group>"; };
		B6EED040273A97190077832F /* CCFRow.swift */ = {isa = PBXFileReference; fileEncoding = 4; lastKnownFileType = sourcecode.swift; path = CCFRow.swift; sourceTree = "<group>"; };
		B6EED041273A97190077832F /* WelcomeView.swift */ = {isa = PBXFileReference; fileEncoding = 4; lastKnownFileType = sourcecode.swift; path = WelcomeView.swift; sourceTree = "<group>"; };
		B6EED042273A97190077832F /* CCFList.swift */ = {isa = PBXFileReference; fileEncoding = 4; lastKnownFileType = sourcecode.swift; path = CCFList.swift; sourceTree = "<group>"; };
		B6EED043273A97190077832F /* CCFDetailView.swift */ = {isa = PBXFileReference; fileEncoding = 4; lastKnownFileType = sourcecode.swift; path = CCFDetailView.swift; sourceTree = "<group>"; };
		B6EED045273A97190077832F /* SendEmailToMe.swift */ = {isa = PBXFileReference; fileEncoding = 4; lastKnownFileType = sourcecode.swift; path = SendEmailToMe.swift; sourceTree = "<group>"; };
		B6EED046273A97190077832F /* RateApp.swift */ = {isa = PBXFileReference; fileEncoding = 4; lastKnownFileType = sourcecode.swift; path = RateApp.swift; sourceTree = "<group>"; };
		B6EED047273A97190077832F /* SwiftUIImage+IconStyle.swift */ = {isa = PBXFileReference; fileEncoding = 4; lastKnownFileType = sourcecode.swift; path = "SwiftUIImage+IconStyle.swift"; sourceTree = "<group>"; };
		B6EED048273A97190077832F /* ShareSheet.swift */ = {isa = PBXFileReference; fileEncoding = 4; lastKnownFileType = sourcecode.swift; path = ShareSheet.swift; sourceTree = "<group>"; };
		B6EED062273A97370077832F /* Assets.xcassets */ = {isa = PBXFileReference; lastKnownFileType = folder.assetcatalog; path = Assets.xcassets; sourceTree = "<group>"; };
		B6EED071273A981C0077832F /* zh-Hans */ = {isa = PBXFileReference; lastKnownFileType = text.plist.strings; name = "zh-Hans"; path = "zh-Hans.lproj/Localizable.strings"; sourceTree = "<group>"; };
		B6EED073273A981E0077832F /* en */ = {isa = PBXFileReference; lastKnownFileType = text.plist.strings; name = en; path = en.lproj/Localizable.strings; sourceTree = "<group>"; };
		B6EED074273A9BE10077832F /* EmptyCCFView.swift */ = {isa = PBXFileReference; lastKnownFileType = sourcecode.swift; path = EmptyCCFView.swift; sourceTree = "<group>"; };
		B6F9DF5A28B202AE000719AC /* README.md */ = {isa = PBXFileReference; fileEncoding = 4; lastKnownFileType = net.daringfireball.markdown; path = README.md; sourceTree = "<group>"; };
/* End PBXFileReference section */

/* Begin PBXFrameworksBuildPhase section */
		B6EED018273A96E10077832F /* Frameworks */ = {
			isa = PBXFrameworksBuildPhase;
			buildActionMask = 2147483647;
			files = (
				B60462B627563CB80021DFA4 /* SwiftyMarkdown in Frameworks */,
				B676F7A527688B9800347E34 /* BetterSafariView in Frameworks */,
				6A5CBDA228C0D32400712CD0 /* SPIndicator in Frameworks */,
			);
			runOnlyForDeploymentPostprocessing = 0;
		};
/* End PBXFrameworksBuildPhase section */

/* Begin PBXGroup section */
		B6CA948227546F8C00D09E6F /* CCFList */ = {
			isa = PBXGroup;
			children = (
				B6EED042273A97190077832F /* CCFList.swift */,
				B6EED040273A97190077832F /* CCFRow.swift */,
				B6EED043273A97190077832F /* CCFDetailView.swift */,
			);
			path = CCFList;
			sourceTree = "<group>";
		};
		B6CA948327546FDF00D09E6F /* DeadLines */ = {
			isa = PBXGroup;
			children = (
				B6CA9486275472B200D09E6F /* DeadLinesList.swift */,
				B6CA9488275472C800D09E6F /* DeadLinesRow.swift */,
			);
			path = DeadLines;
			sourceTree = "<group>";
		};
		B6CA94842754703E00D09E6F /* Components */ = {
			isa = PBXGroup;
			children = (
				6A5CBDA328C1E8F600712CD0 /* NetworkErrorView.swift */,
				B6EED074273A9BE10077832F /* EmptyCCFView.swift */,
				6A97233928C1F813007BFBD4 /* FilterView.swift */,
				B6EED03F273A97190077832F /* RankView.swift */,
				B6EB11622753B47900FF09CE /* DeadLineTimeLine.swift */,
				B6EB11672753D14600FF09CE /* DeadLineConfs.swift */,
				B6EB11692753D38B00FF09CE /* AllDeadLines.swift */,
				B630FFA028C105DB00E1F066 /* NetworkStatusView.swift */,
			);
			path = Components;
			sourceTree = "<group>";
		};
		B6CA94852754722A00D09E6F /* Utils */ = {
			isa = PBXGroup;
			children = (
				B6EB116027539B8500FF09CE /* LoadAndDecode.swift */,
				B60462B2275611150021DFA4 /* LoadUpdateTime.swift */,
				B6EED046273A97190077832F /* RateApp.swift */,
				B630FF9E28C104A300E1F066 /* NetworkMonitor.swift */,
			);
			path = Utils;
			sourceTree = "<group>";
		};
		B6EB115E27537DDD00FF09CE /* Settings */ = {
			isa = PBXGroup;
			children = (
				B6EED03D273A97190077832F /* SettingsView.swift */,
				6A29590F28C32028001E9A97 /* AppearanceView.swift */,
				B6EED03E273A97190077832F /* PrivacyView.swift */,
				B6EED041273A97190077832F /* WelcomeView.swift */,
				B6EED03C273A97190077832F /* SpecialThank.swift */,
			);
			path = Settings;
			sourceTree = "<group>";
		};
		B6EB116B2753D89400FF09CE /* Navigation */ = {
			isa = PBXGroup;
			children = (
				B6EED020273A96E10077832F /* ContentView.swift */,
				B6EB116C2753D8AB00FF09CE /* AppTabNavigation.swift */,
				B6EB116D2753D8AB00FF09CE /* AppSidebarNavigation.swift */,
			);
			path = Navigation;
			sourceTree = "<group>";
		};
		B6EED012273A96E10077832F = {
			isa = PBXGroup;
			children = (
				B6F9DF5A28B202AE000719AC /* README.md */,
				B6EED01D273A96E10077832F /* SwiftPaper */,
				B6EED01C273A96E10077832F /* Products */,
			);
			sourceTree = "<group>";
		};
		B6EED01C273A96E10077832F /* Products */ = {
			isa = PBXGroup;
			children = (
				B6EED01B273A96E10077832F /* SwiftPaper.app */,
			);
			name = Products;
			sourceTree = "<group>";
		};
		B6EED01D273A96E10077832F /* SwiftPaper */ = {
			isa = PBXGroup;
			children = (
				B6EED01E273A96E10077832F /* SwiftPaperApp.swift */,
				B6EB116B2753D89400FF09CE /* Navigation */,
				B6EED03B273A97190077832F /* View */,
				B6EED02C273A96FF0077832F /* Model */,
				B6EED036273A97190077832F /* ViewModel */,
				B6CA94852754722A00D09E6F /* Utils */,
				B6EED044273A97190077832F /* Extension */,
				B6EED038273A97190077832F /* Resources */,
				B6EED024273A96E30077832F /* Preview Content */,
			);
			path = SwiftPaper;
			sourceTree = "<group>";
		};
		B6EED024273A96E30077832F /* Preview Content */ = {
			isa = PBXGroup;
			children = (
				B6EED025273A96E30077832F /* Preview Assets.xcassets */,
			);
			path = "Preview Content";
			sourceTree = "<group>";
		};
		B6EED02C273A96FF0077832F /* Model */ = {
			isa = PBXGroup;
			children = (
				B6EED02D273A96FF0077832F /* CCFModel.swift */,
				B6EB114827537A7300FF09CE /* DeadLine.swift */,
			);
			path = Model;
			sourceTree = "<group>";
		};
		B6EED036273A97190077832F /* ViewModel */ = {
			isa = PBXGroup;
			children = (
				B6EED037273A97190077832F /* CCFStore.swift */,
				B6EB114A27537AD600FF09CE /* DeadLineStore.swift */,
				6A29591128C321D9001E9A97 /* ModeToggle.swift */,
			);
			path = ViewModel;
			sourceTree = "<group>";
		};
		B6EED038273A97190077832F /* Resources */ = {
			isa = PBXGroup;
			children = (
				B6EED062273A97370077832F /* Assets.xcassets */,
				B6EED072273A981C0077832F /* Localizable.strings */,
				B6EED039273A97190077832F /* ccf.json */,
				B6EB114C27537B7800FF09CE /* all.json */,
				B6EED03A273A97190077832F /* Privacy.md */,
			);
			path = Resources;
			sourceTree = "<group>";
		};
		B6EED03B273A97190077832F /* View */ = {
			isa = PBXGroup;
			children = (
				B6CA948227546F8C00D09E6F /* CCFList */,
				B6CA948327546FDF00D09E6F /* DeadLines */,
				B6EB115E27537DDD00FF09CE /* Settings */,
				B6CA94842754703E00D09E6F /* Components */,
			);
			path = View;
			sourceTree = "<group>";
		};
		B6EED044273A97190077832F /* Extension */ = {
			isa = PBXGroup;
			children = (
				B6EED045273A97190077832F /* SendEmailToMe.swift */,
				B6EED047273A97190077832F /* SwiftUIImage+IconStyle.swift */,
				B6EED048273A97190077832F /* ShareSheet.swift */,
				B6CA948A27547F7E00D09E6F /* BuildNumber.swift */,
				B6CA949C2754B99C00D09E6F /* LocalTime.swift */,
			);
			path = Extension;
			sourceTree = "<group>";
		};
/* End PBXGroup section */

/* Begin PBXNativeTarget section */
		B6EED01A273A96E10077832F /* SwiftPaper */ = {
			isa = PBXNativeTarget;
			buildConfigurationList = B6EED029273A96E30077832F /* Build configuration list for PBXNativeTarget "SwiftPaper" */;
			buildPhases = (
				B6EED017273A96E10077832F /* Sources */,
				B6EED018273A96E10077832F /* Frameworks */,
				B6EED019273A96E10077832F /* Resources */,
			);
			buildRules = (
			);
			dependencies = (
			);
			name = SwiftPaper;
			packageProductDependencies = (
				B60462B527563CB80021DFA4 /* SwiftyMarkdown */,
				B676F7A427688B9800347E34 /* BetterSafariView */,
				6A5CBDA128C0D32400712CD0 /* SPIndicator */,
			);
			productName = SwiftPaper;
			productReference = B6EED01B273A96E10077832F /* SwiftPaper.app */;
			productType = "com.apple.product-type.application";
		};
/* End PBXNativeTarget section */

/* Begin PBXProject section */
		B6EED013273A96E10077832F /* Project object */ = {
			isa = PBXProject;
			attributes = {
				BuildIndependentTargetsInParallel = 1;
				LastSwiftUpdateCheck = 1310;
				LastUpgradeCheck = 1310;
				TargetAttributes = {
					B6EED01A273A96E10077832F = {
						CreatedOnToolsVersion = 13.1;
					};
				};
			};
			buildConfigurationList = B6EED016273A96E10077832F /* Build configuration list for PBXProject "SwiftPaper" */;
			compatibilityVersion = "Xcode 13.0";
			developmentRegion = en;
			hasScannedForEncodings = 0;
			knownRegions = (
				en,
				Base,
				"zh-Hans",
			);
			mainGroup = B6EED012273A96E10077832F;
			packageReferences = (
				B60462B427563CB80021DFA4 /* XCRemoteSwiftPackageReference "SwiftyMarkdown" */,
				B676F7A327688B9800347E34 /* XCRemoteSwiftPackageReference "BetterSafariView" */,
				6A5CBDA028C0D32400712CD0 /* XCRemoteSwiftPackageReference "SPIndicator" */,
			);
			productRefGroup = B6EED01C273A96E10077832F /* Products */;
			projectDirPath = "";
			projectRoot = "";
			targets = (
				B6EED01A273A96E10077832F /* SwiftPaper */,
			);
		};
/* End PBXProject section */

/* Begin PBXResourcesBuildPhase section */
		B6EED019273A96E10077832F /* Resources */ = {
			isa = PBXResourcesBuildPhase;
			buildActionMask = 2147483647;
			files = (
				B6EED026273A96E30077832F /* Preview Assets.xcassets in Resources */,
				B6EED070273A981C0077832F /* Localizable.strings in Resources */,
				B6EED052273A97190077832F /* ccf.json in Resources */,
				B6F9DF5B28B202AE000719AC /* README.md in Resources */,
				B6EED053273A97190077832F /* Privacy.md in Resources */,
				B6EED063273A97370077832F /* Assets.xcassets in Resources */,
				B6EB114D27537B7800FF09CE /* all.json in Resources */,
			);
			runOnlyForDeploymentPostprocessing = 0;
		};
/* End PBXResourcesBuildPhase section */

/* Begin PBXSourcesBuildPhase section */
		B6EED017273A96E10077832F /* Sources */ = {
			isa = PBXSourcesBuildPhase;
			buildActionMask = 2147483647;
			files = (
				B6CA9489275472C800D09E6F /* DeadLinesRow.swift in Sources */,
				B630FF9F28C104A300E1F066 /* NetworkMonitor.swift in Sources */,
				B6EED057273A97190077832F /* RankView.swift in Sources */,
				B6EED056273A97190077832F /* PrivacyView.swift in Sources */,
				B6EED059273A97190077832F /* WelcomeView.swift in Sources */,
				B6EB11682753D14600FF09CE /* DeadLineConfs.swift in Sources */,
				B6EED054273A97190077832F /* SpecialThank.swift in Sources */,
				B6EED05D273A971A0077832F /* RateApp.swift in Sources */,
				B630FFA128C105DB00E1F066 /* NetworkStatusView.swift in Sources */,
				6A5CBDA428C1E8F600712CD0 /* NetworkErrorView.swift in Sources */,
				B6EB114927537A7300FF09CE /* DeadLine.swift in Sources */,
				B6EED05A273A97190077832F /* CCFList.swift in Sources */,
				B6EED05C273A971A0077832F /* SendEmailToMe.swift in Sources */,
				B6EB116A2753D38B00FF09CE /* AllDeadLines.swift in Sources */,
				B6EED02E273A96FF0077832F /* CCFModel.swift in Sources */,
				B6EB11632753B47900FF09CE /* DeadLineTimeLine.swift in Sources */,
				B6CA948B27547F7E00D09E6F /* BuildNumber.swift in Sources */,
				B6EED05E273A971A0077832F /* SwiftUIImage+IconStyle.swift in Sources */,
				6A29591228C321D9001E9A97 /* ModeToggle.swift in Sources */,
				B6EED058273A97190077832F /* CCFRow.swift in Sources */,
				B6EED051273A97190077832F /* CCFStore.swift in Sources */,
				B6EED05B273A97190077832F /* CCFDetailView.swift in Sources */,
				6A29591028C32028001E9A97 /* AppearanceView.swift in Sources */,
				B6EED055273A97190077832F /* SettingsView.swift in Sources */,
				B6EB116E2753D8AB00FF09CE /* AppTabNavigation.swift in Sources */,
				B6EB116F2753D8AB00FF09CE /* AppSidebarNavigation.swift in Sources */,
				B6EED075273A9BE10077832F /* EmptyCCFView.swift in Sources */,
				B6EB116127539B8500FF09CE /* LoadAndDecode.swift in Sources */,
				B6CA9487275472B200D09E6F /* DeadLinesList.swift in Sources */,
				6A97233A28C1F813007BFBD4 /* FilterView.swift in Sources */,
				B6EB114B27537AD600FF09CE /* DeadLineStore.swift in Sources */,
				B60462B3275611150021DFA4 /* LoadUpdateTime.swift in Sources */,
				B6CA949D2754B99C00D09E6F /* LocalTime.swift in Sources */,
				B6EED021273A96E10077832F /* ContentView.swift in Sources */,
				B6EED01F273A96E10077832F /* SwiftPaperApp.swift in Sources */,
				B6EED05F273A971A0077832F /* ShareSheet.swift in Sources */,
			);
			runOnlyForDeploymentPostprocessing = 0;
		};
/* End PBXSourcesBuildPhase section */

/* Begin PBXVariantGroup section */
		B6EED072273A981C0077832F /* Localizable.strings */ = {
			isa = PBXVariantGroup;
			children = (
				B6EED071273A981C0077832F /* zh-Hans */,
				B6EED073273A981E0077832F /* en */,
			);
			name = Localizable.strings;
			sourceTree = "<group>";
		};
/* End PBXVariantGroup section */

/* Begin XCBuildConfiguration section */
		B6EED027273A96E30077832F /* Debug */ = {
			isa = XCBuildConfiguration;
			buildSettings = {
				ALWAYS_SEARCH_USER_PATHS = NO;
				CLANG_ANALYZER_LOCALIZABILITY_NONLOCALIZED = YES;
				CLANG_ANALYZER_NONNULL = YES;
				CLANG_ANALYZER_NUMBER_OBJECT_CONVERSION = YES_AGGRESSIVE;
				CLANG_CXX_LANGUAGE_STANDARD = "gnu++17";
				CLANG_CXX_LIBRARY = "libc++";
				CLANG_ENABLE_MODULES = YES;
				CLANG_ENABLE_OBJC_ARC = YES;
				CLANG_ENABLE_OBJC_WEAK = YES;
				CLANG_WARN_BLOCK_CAPTURE_AUTORELEASING = YES;
				CLANG_WARN_BOOL_CONVERSION = YES;
				CLANG_WARN_COMMA = YES;
				CLANG_WARN_CONSTANT_CONVERSION = YES;
				CLANG_WARN_DEPRECATED_OBJC_IMPLEMENTATIONS = YES;
				CLANG_WARN_DIRECT_OBJC_ISA_USAGE = YES_ERROR;
				CLANG_WARN_DOCUMENTATION_COMMENTS = YES;
				CLANG_WARN_EMPTY_BODY = YES;
				CLANG_WARN_ENUM_CONVERSION = YES;
				CLANG_WARN_INFINITE_RECURSION = YES;
				CLANG_WARN_INT_CONVERSION = YES;
				CLANG_WARN_NON_LITERAL_NULL_CONVERSION = YES;
				CLANG_WARN_OBJC_IMPLICIT_RETAIN_SELF = YES;
				CLANG_WARN_OBJC_LITERAL_CONVERSION = YES;
				CLANG_WARN_OBJC_ROOT_CLASS = YES_ERROR;
				CLANG_WARN_QUOTED_INCLUDE_IN_FRAMEWORK_HEADER = YES;
				CLANG_WARN_RANGE_LOOP_ANALYSIS = YES;
				CLANG_WARN_STRICT_PROTOTYPES = YES;
				CLANG_WARN_SUSPICIOUS_MOVE = YES;
				CLANG_WARN_UNGUARDED_AVAILABILITY = YES_AGGRESSIVE;
				CLANG_WARN_UNREACHABLE_CODE = YES;
				CLANG_WARN__DUPLICATE_METHOD_MATCH = YES;
				COPY_PHASE_STRIP = NO;
				DEBUG_INFORMATION_FORMAT = dwarf;
				ENABLE_STRICT_OBJC_MSGSEND = YES;
				ENABLE_TESTABILITY = YES;
				GCC_C_LANGUAGE_STANDARD = gnu11;
				GCC_DYNAMIC_NO_PIC = NO;
				GCC_NO_COMMON_BLOCKS = YES;
				GCC_OPTIMIZATION_LEVEL = 0;
				GCC_PREPROCESSOR_DEFINITIONS = (
					"DEBUG=1",
					"$(inherited)",
				);
				GCC_WARN_64_TO_32_BIT_CONVERSION = YES;
				GCC_WARN_ABOUT_RETURN_TYPE = YES_ERROR;
				GCC_WARN_UNDECLARED_SELECTOR = YES;
				GCC_WARN_UNINITIALIZED_AUTOS = YES_AGGRESSIVE;
				GCC_WARN_UNUSED_FUNCTION = YES;
				GCC_WARN_UNUSED_VARIABLE = YES;
				IPHONEOS_DEPLOYMENT_TARGET = 15.0;
				MTL_ENABLE_DEBUG_INFO = INCLUDE_SOURCE;
				MTL_FAST_MATH = YES;
				ONLY_ACTIVE_ARCH = YES;
				SDKROOT = iphoneos;
				SWIFT_ACTIVE_COMPILATION_CONDITIONS = DEBUG;
				SWIFT_OPTIMIZATION_LEVEL = "-Onone";
			};
			name = Debug;
		};
		B6EED028273A96E30077832F /* Release */ = {
			isa = XCBuildConfiguration;
			buildSettings = {
				ALWAYS_SEARCH_USER_PATHS = NO;
				CLANG_ANALYZER_LOCALIZABILITY_NONLOCALIZED = YES;
				CLANG_ANALYZER_NONNULL = YES;
				CLANG_ANALYZER_NUMBER_OBJECT_CONVERSION = YES_AGGRESSIVE;
				CLANG_CXX_LANGUAGE_STANDARD = "gnu++17";
				CLANG_CXX_LIBRARY = "libc++";
				CLANG_ENABLE_MODULES = YES;
				CLANG_ENABLE_OBJC_ARC = YES;
				CLANG_ENABLE_OBJC_WEAK = YES;
				CLANG_WARN_BLOCK_CAPTURE_AUTORELEASING = YES;
				CLANG_WARN_BOOL_CONVERSION = YES;
				CLANG_WARN_COMMA = YES;
				CLANG_WARN_CONSTANT_CONVERSION = YES;
				CLANG_WARN_DEPRECATED_OBJC_IMPLEMENTATIONS = YES;
				CLANG_WARN_DIRECT_OBJC_ISA_USAGE = YES_ERROR;
				CLANG_WARN_DOCUMENTATION_COMMENTS = YES;
				CLANG_WARN_EMPTY_BODY = YES;
				CLANG_WARN_ENUM_CONVERSION = YES;
				CLANG_WARN_INFINITE_RECURSION = YES;
				CLANG_WARN_INT_CONVERSION = YES;
				CLANG_WARN_NON_LITERAL_NULL_CONVERSION = YES;
				CLANG_WARN_OBJC_IMPLICIT_RETAIN_SELF = YES;
				CLANG_WARN_OBJC_LITERAL_CONVERSION = YES;
				CLANG_WARN_OBJC_ROOT_CLASS = YES_ERROR;
				CLANG_WARN_QUOTED_INCLUDE_IN_FRAMEWORK_HEADER = YES;
				CLANG_WARN_RANGE_LOOP_ANALYSIS = YES;
				CLANG_WARN_STRICT_PROTOTYPES = YES;
				CLANG_WARN_SUSPICIOUS_MOVE = YES;
				CLANG_WARN_UNGUARDED_AVAILABILITY = YES_AGGRESSIVE;
				CLANG_WARN_UNREACHABLE_CODE = YES;
				CLANG_WARN__DUPLICATE_METHOD_MATCH = YES;
				COPY_PHASE_STRIP = NO;
				DEBUG_INFORMATION_FORMAT = "dwarf-with-dsym";
				ENABLE_NS_ASSERTIONS = NO;
				ENABLE_STRICT_OBJC_MSGSEND = YES;
				GCC_C_LANGUAGE_STANDARD = gnu11;
				GCC_NO_COMMON_BLOCKS = YES;
				GCC_WARN_64_TO_32_BIT_CONVERSION = YES;
				GCC_WARN_ABOUT_RETURN_TYPE = YES_ERROR;
				GCC_WARN_UNDECLARED_SELECTOR = YES;
				GCC_WARN_UNINITIALIZED_AUTOS = YES_AGGRESSIVE;
				GCC_WARN_UNUSED_FUNCTION = YES;
				GCC_WARN_UNUSED_VARIABLE = YES;
				IPHONEOS_DEPLOYMENT_TARGET = 15.0;
				MTL_ENABLE_DEBUG_INFO = NO;
				MTL_FAST_MATH = YES;
				SDKROOT = iphoneos;
				SWIFT_COMPILATION_MODE = wholemodule;
				SWIFT_OPTIMIZATION_LEVEL = "-O";
				VALIDATE_PRODUCT = YES;
			};
			name = Release;
		};
		B6EED02A273A96E30077832F /* Debug */ = {
			isa = XCBuildConfiguration;
			buildSettings = {
				ASSETCATALOG_COMPILER_ALTERNATE_APPICON_NAMES = "Gradient Yello Red Green Old";
				ASSETCATALOG_COMPILER_APPICON_NAME = AppIcon;
				ASSETCATALOG_COMPILER_GLOBAL_ACCENT_COLOR_NAME = AccentColor;
				ASSETCATALOG_COMPILER_INCLUDE_ALL_APPICON_ASSETS = YES;
				CODE_SIGN_IDENTITY = "Apple Development";
				CODE_SIGN_STYLE = Automatic;
				CURRENT_PROJECT_VERSION = 200;
				DEVELOPMENT_ASSET_PATHS = "\"SwiftPaper/Preview Content\"";
				DEVELOPMENT_TEAM = 7R4A6F33C8;
				ENABLE_PREVIEWS = YES;
				GENERATE_INFOPLIST_FILE = YES;
				INFOPLIST_KEY_UIApplicationSceneManifest_Generation = YES;
				INFOPLIST_KEY_UIApplicationSupportsIndirectInputEvents = YES;
				INFOPLIST_KEY_UILaunchScreen_Generation = YES;
				INFOPLIST_KEY_UISupportedInterfaceOrientations_iPad = "UIInterfaceOrientationPortrait UIInterfaceOrientationPortraitUpsideDown UIInterfaceOrientationLandscapeLeft UIInterfaceOrientationLandscapeRight";
				INFOPLIST_KEY_UISupportedInterfaceOrientations_iPhone = "UIInterfaceOrientationPortrait UIInterfaceOrientationLandscapeLeft UIInterfaceOrientationLandscapeRight";
				LD_RUNPATH_SEARCH_PATHS = (
					"$(inherited)",
					"@executable_path/Frameworks",
				);
				MARKETING_VERSION = 2.3.1;
				PRODUCT_BUNDLE_IDENTIFIER = com.iswiftai.SwiftPaper;
				PRODUCT_NAME = "$(TARGET_NAME)";
				PROVISIONING_PROFILE_SPECIFIER = "";
				SUPPORTED_PLATFORMS = "iphoneos iphonesimulator macosx";
				SUPPORTS_MACCATALYST = NO;
				SUPPORTS_MAC_DESIGNED_FOR_IPHONE_IPAD = YES;
				SWIFT_EMIT_LOC_STRINGS = YES;
				SWIFT_VERSION = 5.0;
				TARGETED_DEVICE_FAMILY = "1,2";
			};
			name = Debug;
		};
		B6EED02B273A96E30077832F /* Release */ = {
			isa = XCBuildConfiguration;
			buildSettings = {
				ASSETCATALOG_COMPILER_ALTERNATE_APPICON_NAMES = "Gradient Yello Red Green Old";
				ASSETCATALOG_COMPILER_APPICON_NAME = AppIcon;
				ASSETCATALOG_COMPILER_GLOBAL_ACCENT_COLOR_NAME = AccentColor;
				ASSETCATALOG_COMPILER_INCLUDE_ALL_APPICON_ASSETS = YES;
				CODE_SIGN_IDENTITY = "Apple Development";
				CODE_SIGN_STYLE = Automatic;
				CURRENT_PROJECT_VERSION = 200;
				DEVELOPMENT_ASSET_PATHS = "\"SwiftPaper/Preview Content\"";
				DEVELOPMENT_TEAM = 7R4A6F33C8;
				ENABLE_PREVIEWS = YES;
				GENERATE_INFOPLIST_FILE = YES;
				INFOPLIST_KEY_UIApplicationSceneManifest_Generation = YES;
				INFOPLIST_KEY_UIApplicationSupportsIndirectInputEvents = YES;
				INFOPLIST_KEY_UILaunchScreen_Generation = YES;
				INFOPLIST_KEY_UISupportedInterfaceOrientations_iPad = "UIInterfaceOrientationPortrait UIInterfaceOrientationPortraitUpsideDown UIInterfaceOrientationLandscapeLeft UIInterfaceOrientationLandscapeRight";
				INFOPLIST_KEY_UISupportedInterfaceOrientations_iPhone = "UIInterfaceOrientationPortrait UIInterfaceOrientationLandscapeLeft UIInterfaceOrientationLandscapeRight";
				LD_RUNPATH_SEARCH_PATHS = (
					"$(inherited)",
					"@executable_path/Frameworks",
				);
				MARKETING_VERSION = 2.3.1;
				PRODUCT_BUNDLE_IDENTIFIER = com.iswiftai.SwiftPaper;
				PRODUCT_NAME = "$(TARGET_NAME)";
				PROVISIONING_PROFILE_SPECIFIER = "";
				SUPPORTED_PLATFORMS = "iphoneos iphonesimulator macosx";
				SUPPORTS_MACCATALYST = NO;
				SUPPORTS_MAC_DESIGNED_FOR_IPHONE_IPAD = YES;
				SWIFT_EMIT_LOC_STRINGS = YES;
				SWIFT_VERSION = 5.0;
				TARGETED_DEVICE_FAMILY = "1,2";
			};
			name = Release;
		};
/* End XCBuildConfiguration section */

/* Begin XCConfigurationList section */
		B6EED016273A96E10077832F /* Build configuration list for PBXProject "SwiftPaper" */ = {
			isa = XCConfigurationList;
			buildConfigurations = (
				B6EED027273A96E30077832F /* Debug */,
				B6EED028273A96E30077832F /* Release */,
			);
			defaultConfigurationIsVisible = 0;
			defaultConfigurationName = Release;
		};
		B6EED029273A96E30077832F /* Build configuration list for PBXNativeTarget "SwiftPaper" */ = {
			isa = XCConfigurationList;
			buildConfigurations = (
				B6EED02A273A96E30077832F /* Debug */,
				B6EED02B273A96E30077832F /* Release */,
			);
			defaultConfigurationIsVisible = 0;
			defaultConfigurationName = Release;
		};
/* End XCConfigurationList section */

/* Begin XCRemoteSwiftPackageReference section */
		6A5CBDA028C0D32400712CD0 /* XCRemoteSwiftPackageReference "SPIndicator" */ = {
			isa = XCRemoteSwiftPackageReference;
			repositoryURL = "https://github.com/ivanvorobei/SPIndicator";
			requirement = {
				kind = upToNextMajorVersion;
				minimumVersion = 1.0.0;
			};
		};
		B60462B427563CB80021DFA4 /* XCRemoteSwiftPackageReference "SwiftyMarkdown" */ = {
			isa = XCRemoteSwiftPackageReference;
			repositoryURL = "https://github.com/SimonFairbairn/SwiftyMarkdown";
			requirement = {
				kind = upToNextMajorVersion;
				minimumVersion = 1.0.0;
			};
		};
		B676F7A327688B9800347E34 /* XCRemoteSwiftPackageReference "BetterSafariView" */ = {
			isa = XCRemoteSwiftPackageReference;
			repositoryURL = "https://github.com/stleamist/BetterSafariView";
			requirement = {
				kind = upToNextMajorVersion;
				minimumVersion = 2.4.0;
			};
		};
/* End XCRemoteSwiftPackageReference section */

/* Begin XCSwiftPackageProductDependency section */
		6A5CBDA128C0D32400712CD0 /* SPIndicator */ = {
			isa = XCSwiftPackageProductDependency;
			package = 6A5CBDA028C0D32400712CD0 /* XCRemoteSwiftPackageReference "SPIndicator" */;
			productName = SPIndicator;
		};
		B60462B527563CB80021DFA4 /* SwiftyMarkdown */ = {
			isa = XCSwiftPackageProductDependency;
			package = B60462B427563CB80021DFA4 /* XCRemoteSwiftPackageReference "SwiftyMarkdown" */;
			productName = SwiftyMarkdown;
		};
		B676F7A427688B9800347E34 /* BetterSafariView */ = {
			isa = XCSwiftPackageProductDependency;
			package = B676F7A327688B9800347E34 /* XCRemoteSwiftPackageReference "BetterSafariView" */;
			productName = BetterSafariView;
		};
/* End XCSwiftPackageProductDependency section */
	};
	rootObject = B6EED013273A96E10077832F /* Project object */;
}
